// !$*UTF8*$!
{
	archiveVersion = 1;
	classes = {
	};
	objectVersion = 50;
	objects = {

/* Begin PBXBuildFile section */
		08A50BA824376CF400318672 /* AppDelegate.swift in Sources */ = {isa = PBXBuildFile; fileRef = 08A50BA724376CF400318672 /* AppDelegate.swift */; };
		08A50BAA24376CF400318672 /* SceneDelegate.swift in Sources */ = {isa = PBXBuildFile; fileRef = 08A50BA924376CF400318672 /* SceneDelegate.swift */; };
		08A50BAC24376CF400318672 /* ViewController.swift in Sources */ = {isa = PBXBuildFile; fileRef = 08A50BAB24376CF400318672 /* ViewController.swift */; };
		08A50BB124376CF700318672 /* Assets.xcassets in Resources */ = {isa = PBXBuildFile; fileRef = 08A50BB024376CF700318672 /* Assets.xcassets */; };
		08A50BB424376CF700318672 /* LaunchScreen.storyboard in Resources */ = {isa = PBXBuildFile; fileRef = 08A50BB224376CF700318672 /* LaunchScreen.storyboard */; };
		08A50BBC24376DDD00318672 /* Extensions.swift in Sources */ = {isa = PBXBuildFile; fileRef = 08A50BBB24376DDD00318672 /* Extensions.swift */; };
		56D2B030CDA4EBE59B539F27 /* Pods_Easy_Pay_Cash_Approval.framework in Frameworks */ = {isa = PBXBuildFile; fileRef = F8039487441817181E93372E /* Pods_Easy_Pay_Cash_Approval.framework */; };
/* End PBXBuildFile section */

/* Begin PBXFileReference section */
		08A50BA424376CF400318672 /* Easy Pay Cash Approval.app */ = {isa = PBXFileReference; explicitFileType = wrapper.application; includeInIndex = 0; path = "Easy Pay Cash Approval.app"; sourceTree = BUILT_PRODUCTS_DIR; };
		08A50BA724376CF400318672 /* AppDelegate.swift */ = {isa = PBXFileReference; lastKnownFileType = sourcecode.swift; path = AppDelegate.swift; sourceTree = "<group>"; };
		08A50BA924376CF400318672 /* SceneDelegate.swift */ = {isa = PBXFileReference; lastKnownFileType = sourcecode.swift; path = SceneDelegate.swift; sourceTree = "<group>"; };
		08A50BAB24376CF400318672 /* ViewController.swift */ = {isa = PBXFileReference; lastKnownFileType = sourcecode.swift; path = ViewController.swift; sourceTree = "<group>"; };
		08A50BB024376CF700318672 /* Assets.xcassets */ = {isa = PBXFileReference; lastKnownFileType = folder.assetcatalog; path = Assets.xcassets; sourceTree = "<group>"; };
		08A50BB324376CF700318672 /* Base */ = {isa = PBXFileReference; lastKnownFileType = file.storyboard; name = Base; path = Base.lproj/LaunchScreen.storyboard; sourceTree = "<group>"; };
		08A50BB524376CF700318672 /* Info.plist */ = {isa = PBXFileReference; lastKnownFileType = text.plist.xml; path = Info.plist; sourceTree = "<group>"; };
		08A50BBB24376DDD00318672 /* Extensions.swift */ = {isa = PBXFileReference; fileEncoding = 4; lastKnownFileType = sourcecode.swift; path = Extensions.swift; sourceTree = "<group>"; };
		4B9FDB0586A3F8B2E81281B5 /* Pods-Easy Pay Cash Approval.debug.xcconfig */ = {isa = PBXFileReference; includeInIndex = 1; lastKnownFileType = text.xcconfig; name = "Pods-Easy Pay Cash Approval.debug.xcconfig"; path = "Target Support Files/Pods-Easy Pay Cash Approval/Pods-Easy Pay Cash Approval.debug.xcconfig"; sourceTree = "<group>"; };
		CDB9018A7A140E3266F94068 /* Pods-Easy Pay Cash Approval.release.xcconfig */ = {isa = PBXFileReference; includeInIndex = 1; lastKnownFileType = text.xcconfig; name = "Pods-Easy Pay Cash Approval.release.xcconfig"; path = "Target Support Files/Pods-Easy Pay Cash Approval/Pods-Easy Pay Cash Approval.release.xcconfig"; sourceTree = "<group>"; };
		F8039487441817181E93372E /* Pods_Easy_Pay_Cash_Approval.framework */ = {isa = PBXFileReference; explicitFileType = wrapper.framework; includeInIndex = 0; path = Pods_Easy_Pay_Cash_Approval.framework; sourceTree = BUILT_PRODUCTS_DIR; };
/* End PBXFileReference section */

/* Begin PBXFrameworksBuildPhase section */
		08A50BA124376CF400318672 /* Frameworks */ = {
			isa = PBXFrameworksBuildPhase;
			buildActionMask = 2147483647;
			files = (
				56D2B030CDA4EBE59B539F27 /* Pods_Easy_Pay_Cash_Approval.framework in Frameworks */,
			);
			runOnlyForDeploymentPostprocessing = 0;
		};
/* End PBXFrameworksBuildPhase section */

/* Begin PBXGroup section */
		08A50B9B24376CF400318672 = {
			isa = PBXGroup;
			children = (
				08A50BA624376CF400318672 /* Easy Pay Cash Approval */,
				08A50BA524376CF400318672 /* Products */,
				E0713B7CCB4E7D6BF1E86455 /* Pods */,
				31DFBF56E9C642A7289D7942 /* Frameworks */,
			);
			sourceTree = "<group>";
		};
		08A50BA524376CF400318672 /* Products */ = {
			isa = PBXGroup;
			children = (
				08A50BA424376CF400318672 /* Easy Pay Cash Approval.app */,
			);
			name = Products;
			sourceTree = "<group>";
		};
		08A50BA624376CF400318672 /* Easy Pay Cash Approval */ = {
			isa = PBXGroup;
			children = (
				08A50BA724376CF400318672 /* AppDelegate.swift */,
				08A50BA924376CF400318672 /* SceneDelegate.swift */,
				08A50BAB24376CF400318672 /* ViewController.swift */,
				08A50BBB24376DDD00318672 /* Extensions.swift */,
				08A50BB024376CF700318672 /* Assets.xcassets */,
				08A50BB224376CF700318672 /* LaunchScreen.storyboard */,
				08A50BB524376CF700318672 /* Info.plist */,
			);
			path = "Easy Pay Cash Approval";
			sourceTree = "<group>";
		};
		31DFBF56E9C642A7289D7942 /* Frameworks */ = {
			isa = PBXGroup;
			children = (
				F8039487441817181E93372E /* Pods_Easy_Pay_Cash_Approval.framework */,
			);
			name = Frameworks;
			sourceTree = "<group>";
		};
		E0713B7CCB4E7D6BF1E86455 /* Pods */ = {
			isa = PBXGroup;
			children = (
				4B9FDB0586A3F8B2E81281B5 /* Pods-Easy Pay Cash Approval.debug.xcconfig */,
				CDB9018A7A140E3266F94068 /* Pods-Easy Pay Cash Approval.release.xcconfig */,
			);
			name = Pods;
			path = Pods;
			sourceTree = "<group>";
		};
/* End PBXGroup section */

/* Begin PBXNativeTarget section */
		08A50BA324376CF400318672 /* Easy Pay Cash Approval */ = {
			isa = PBXNativeTarget;
			buildConfigurationList = 08A50BB824376CF700318672 /* Build configuration list for PBXNativeTarget "Easy Pay Cash Approval" */;
			buildPhases = (
				8E0F04C35B9B457A7E6FF685 /* [CP] Check Pods Manifest.lock */,
				08A50BA024376CF400318672 /* Sources */,
				08A50BA124376CF400318672 /* Frameworks */,
				08A50BA224376CF400318672 /* Resources */,
				DA6DDA51650C43ABE8F6CCDC /* [CP] Embed Pods Frameworks */,
			);
			buildRules = (
			);
			dependencies = (
			);
			name = "Easy Pay Cash Approval";
			productName = "Easy Pay Cash Approval";
			productReference = 08A50BA424376CF400318672 /* Easy Pay Cash Approval.app */;
			productType = "com.apple.product-type.application";
		};
/* End PBXNativeTarget section */

/* Begin PBXProject section */
		08A50B9C24376CF400318672 /* Project object */ = {
			isa = PBXProject;
			attributes = {
				LastSwiftUpdateCheck = 1130;
				LastUpgradeCheck = 1130;
				ORGANIZATIONNAME = "Sage Turner";
				TargetAttributes = {
					08A50BA324376CF400318672 = {
						CreatedOnToolsVersion = 11.3.1;
					};
				};
			};
			buildConfigurationList = 08A50B9F24376CF400318672 /* Build configuration list for PBXProject "Easy Pay Cash Approval" */;
			compatibilityVersion = "Xcode 9.3";
			developmentRegion = en;
			hasScannedForEncodings = 0;
			knownRegions = (
				en,
				Base,
			);
			mainGroup = 08A50B9B24376CF400318672;
			productRefGroup = 08A50BA524376CF400318672 /* Products */;
			projectDirPath = "";
			projectRoot = "";
			targets = (
				08A50BA324376CF400318672 /* Easy Pay Cash Approval */,
			);
		};
/* End PBXProject section */

/* Begin PBXResourcesBuildPhase section */
		08A50BA224376CF400318672 /* Resources */ = {
			isa = PBXResourcesBuildPhase;
			buildActionMask = 2147483647;
			files = (
				08A50BB424376CF700318672 /* LaunchScreen.storyboard in Resources */,
				08A50BB124376CF700318672 /* Assets.xcassets in Resources */,
			);
			runOnlyForDeploymentPostprocessing = 0;
		};
/* End PBXResourcesBuildPhase section */

/* Begin PBXShellScriptBuildPhase section */
		8E0F04C35B9B457A7E6FF685 /* [CP] Check Pods Manifest.lock */ = {
			isa = PBXShellScriptBuildPhase;
			buildActionMask = 2147483647;
			files = (
			);
			inputFileListPaths = (
			);
			inputPaths = (
				"${PODS_PODFILE_DIR_PATH}/Podfile.lock",
				"${PODS_ROOT}/Manifest.lock",
			);
			name = "[CP] Check Pods Manifest.lock";
			outputFileListPaths = (
			);
			outputPaths = (
				"$(DERIVED_FILE_DIR)/Pods-Easy Pay Cash Approval-checkManifestLockResult.txt",
			);
			runOnlyForDeploymentPostprocessing = 0;
			shellPath = /bin/sh;
			shellScript = "diff \"${PODS_PODFILE_DIR_PATH}/Podfile.lock\" \"${PODS_ROOT}/Manifest.lock\" > /dev/null\nif [ $? != 0 ] ; then\n    # print error to STDERR\n    echo \"error: The sandbox is not in sync with the Podfile.lock. Run 'pod install' or update your CocoaPods installation.\" >&2\n    exit 1\nfi\n# This output is used by Xcode 'outputs' to avoid re-running this script phase.\necho \"SUCCESS\" > \"${SCRIPT_OUTPUT_FILE_0}\"\n";
			showEnvVarsInLog = 0;
		};
		DA6DDA51650C43ABE8F6CCDC /* [CP] Embed Pods Frameworks */ = {
			isa = PBXShellScriptBuildPhase;
			buildActionMask = 2147483647;
			files = (
			);
			inputFileListPaths = (
				"${PODS_ROOT}/Target Support Files/Pods-Easy Pay Cash Approval/Pods-Easy Pay Cash Approval-frameworks-${CONFIGURATION}-input-files.xcfilelist",
			);
			name = "[CP] Embed Pods Frameworks";
			outputFileListPaths = (
				"${PODS_ROOT}/Target Support Files/Pods-Easy Pay Cash Approval/Pods-Easy Pay Cash Approval-frameworks-${CONFIGURATION}-output-files.xcfilelist",
			);
			runOnlyForDeploymentPostprocessing = 0;
			shellPath = /bin/sh;
			shellScript = "\"${PODS_ROOT}/Target Support Files/Pods-Easy Pay Cash Approval/Pods-Easy Pay Cash Approval-frameworks.sh\"\n";
			showEnvVarsInLog = 0;
		};
/* End PBXShellScriptBuildPhase section */

/* Begin PBXSourcesBuildPhase section */
		08A50BA024376CF400318672 /* Sources */ = {
			isa = PBXSourcesBuildPhase;
			buildActionMask = 2147483647;
			files = (
				08A50BAC24376CF400318672 /* ViewController.swift in Sources */,
				08A50BA824376CF400318672 /* AppDelegate.swift in Sources */,
				08A50BAA24376CF400318672 /* SceneDelegate.swift in Sources */,
				08A50BBC24376DDD00318672 /* Extensions.swift in Sources */,
			);
			runOnlyForDeploymentPostprocessing = 0;
		};
/* End PBXSourcesBuildPhase section */

/* Begin PBXVariantGroup section */
		08A50BB224376CF700318672 /* LaunchScreen.storyboard */ = {
			isa = PBXVariantGroup;
			children = (
				08A50BB324376CF700318672 /* Base */,
			);
			name = LaunchScreen.storyboard;
			sourceTree = "<group>";
		};
/* End PBXVariantGroup section */

/* Begin XCBuildConfiguration section */
		08A50BB624376CF700318672 /* Debug */ = {
			isa = XCBuildConfiguration;
			buildSettings = {
				ALWAYS_SEARCH_USER_PATHS = NO;
				CLANG_ANALYZER_NONNULL = YES;
				CLANG_ANALYZER_NUMBER_OBJECT_CONVERSION = YES_AGGRESSIVE;
				CLANG_CXX_LANGUAGE_STANDARD = "gnu++14";
				CLANG_CXX_LIBRARY = "libc++";
				CLANG_ENABLE_MODULES = YES;
				CLANG_ENABLE_OBJC_ARC = YES;
				CLANG_ENABLE_OBJC_WEAK = YES;
				CLANG_WARN_BLOCK_CAPTURE_AUTORELEASING = YES;
				CLANG_WARN_BOOL_CONVERSION = YES;
				CLANG_WARN_COMMA = YES;
				CLANG_WARN_CONSTANT_CONVERSION = YES;
				CLANG_WARN_DEPRECATED_OBJC_IMPLEMENTATIONS = YES;
				CLANG_WARN_DIRECT_OBJC_ISA_USAGE = YES_ERROR;
				CLANG_WARN_DOCUMENTATION_COMMENTS = YES;
				CLANG_WARN_EMPTY_BODY = YES;
				CLANG_WARN_ENUM_CONVERSION = YES;
				CLANG_WARN_INFINITE_RECURSION = YES;
				CLANG_WARN_INT_CONVERSION = YES;
				CLANG_WARN_NON_LITERAL_NULL_CONVERSION = YES;
				CLANG_WARN_OBJC_IMPLICIT_RETAIN_SELF = YES;
				CLANG_WARN_OBJC_LITERAL_CONVERSION = YES;
				CLANG_WARN_OBJC_ROOT_CLASS = YES_ERROR;
				CLANG_WARN_RANGE_LOOP_ANALYSIS = YES;
				CLANG_WARN_STRICT_PROTOTYPES = YES;
				CLANG_WARN_SUSPICIOUS_MOVE = YES;
				CLANG_WARN_UNGUARDED_AVAILABILITY = YES_AGGRESSIVE;
				CLANG_WARN_UNREACHABLE_CODE = YES;
				CLANG_WARN__DUPLICATE_METHOD_MATCH = YES;
				COPY_PHASE_STRIP = NO;
				DEBUG_INFORMATION_FORMAT = dwarf;
				ENABLE_STRICT_OBJC_MSGSEND = YES;
				ENABLE_TESTABILITY = YES;
				GCC_C_LANGUAGE_STANDARD = gnu11;
				GCC_DYNAMIC_NO_PIC = NO;
				GCC_NO_COMMON_BLOCKS = YES;
				GCC_OPTIMIZATION_LEVEL = 0;
				GCC_PREPROCESSOR_DEFINITIONS = (
					"DEBUG=1",
					"$(inherited)",
				);
				GCC_WARN_64_TO_32_BIT_CONVERSION = YES;
				GCC_WARN_ABOUT_RETURN_TYPE = YES_ERROR;
				GCC_WARN_UNDECLARED_SELECTOR = YES;
				GCC_WARN_UNINITIALIZED_AUTOS = YES_AGGRESSIVE;
				GCC_WARN_UNUSED_FUNCTION = YES;
				GCC_WARN_UNUSED_VARIABLE = YES;
				IPHONEOS_DEPLOYMENT_TARGET = 13.2;
				MTL_ENABLE_DEBUG_INFO = INCLUDE_SOURCE;
				MTL_FAST_MATH = YES;
				ONLY_ACTIVE_ARCH = YES;
				SDKROOT = iphoneos;
				SWIFT_ACTIVE_COMPILATION_CONDITIONS = DEBUG;
				SWIFT_OPTIMIZATION_LEVEL = "-Onone";
			};
			name = Debug;
		};
		08A50BB724376CF700318672 /* Release */ = {
			isa = XCBuildConfiguration;
			buildSettings = {
				ALWAYS_SEARCH_USER_PATHS = NO;
				CLANG_ANALYZER_NONNULL = YES;
				CLANG_ANALYZER_NUMBER_OBJECT_CONVERSION = YES_AGGRESSIVE;
				CLANG_CXX_LANGUAGE_STANDARD = "gnu++14";
				CLANG_CXX_LIBRARY = "libc++";
				CLANG_ENABLE_MODULES = YES;
				CLANG_ENABLE_OBJC_ARC = YES;
				CLANG_ENABLE_OBJC_WEAK = YES;
				CLANG_WARN_BLOCK_CAPTURE_AUTORELEASING = YES;
				CLANG_WARN_BOOL_CONVERSION = YES;
				CLANG_WARN_COMMA = YES;
				CLANG_WARN_CONSTANT_CONVERSION = YES;
				CLANG_WARN_DEPRECATED_OBJC_IMPLEMENTATIONS = YES;
				CLANG_WARN_DIRECT_OBJC_ISA_USAGE = YES_ERROR;
				CLANG_WARN_DOCUMENTATION_COMMENTS = YES;
				CLANG_WARN_EMPTY_BODY = YES;
				CLANG_WARN_ENUM_CONVERSION = YES;
				CLANG_WARN_INFINITE_RECURSION = YES;
				CLANG_WARN_INT_CONVERSION = YES;
				CLANG_WARN_NON_LITERAL_NULL_CONVERSION = YES;
				CLANG_WARN_OBJC_IMPLICIT_RETAIN_SELF = YES;
				CLANG_WARN_OBJC_LITERAL_CONVERSION = YES;
				CLANG_WARN_OBJC_ROOT_CLASS = YES_ERROR;
				CLANG_WARN_RANGE_LOOP_ANALYSIS = YES;
				CLANG_WARN_STRICT_PROTOTYPES = YES;
				CLANG_WARN_SUSPICIOUS_MOVE = YES;
				CLANG_WARN_UNGUARDED_AVAILABILITY = YES_AGGRESSIVE;
				CLANG_WARN_UNREACHABLE_CODE = YES;
				CLANG_WARN__DUPLICATE_METHOD_MATCH = YES;
				COPY_PHASE_STRIP = NO;
				DEBUG_INFORMATION_FORMAT = "dwarf-with-dsym";
				ENABLE_NS_ASSERTIONS = NO;
				ENABLE_STRICT_OBJC_MSGSEND = YES;
				GCC_C_LANGUAGE_STANDARD = gnu11;
				GCC_NO_COMMON_BLOCKS = YES;
				GCC_WARN_64_TO_32_BIT_CONVERSION = YES;
				GCC_WARN_ABOUT_RETURN_TYPE = YES_ERROR;
				GCC_WARN_UNDECLARED_SELECTOR = YES;
				GCC_WARN_UNINITIALIZED_AUTOS = YES_AGGRESSIVE;
				GCC_WARN_UNUSED_FUNCTION = YES;
				GCC_WARN_UNUSED_VARIABLE = YES;
				IPHONEOS_DEPLOYMENT_TARGET = 13.2;
				MTL_ENABLE_DEBUG_INFO = NO;
				MTL_FAST_MATH = YES;
				SDKROOT = iphoneos;
				SWIFT_COMPILATION_MODE = wholemodule;
				SWIFT_OPTIMIZATION_LEVEL = "-O";
				VALIDATE_PRODUCT = YES;
			};
			name = Release;
		};
		08A50BB924376CF700318672 /* Debug */ = {
			isa = XCBuildConfiguration;
			baseConfigurationReference = 4B9FDB0586A3F8B2E81281B5 /* Pods-Easy Pay Cash Approval.debug.xcconfig */;
			buildSettings = {
				ASSETCATALOG_COMPILER_APPICON_NAME = AppIcon;
				CODE_SIGN_STYLE = Automatic;
				DEVELOPMENT_TEAM = 457Y6A548A;
				INFOPLIST_FILE = "Easy Pay Cash Approval/Info.plist";
				LD_RUNPATH_SEARCH_PATHS = (
					"$(inherited)",
					"@executable_path/Frameworks",
				);
				PRODUCT_BUNDLE_IDENTIFIER = com.sageturner.cashapproval;
				PRODUCT_NAME = "$(TARGET_NAME)";
				SWIFT_VERSION = 5.0;
				TARGETED_DEVICE_FAMILY = "1,2";
			};
			name = Debug;
		};
		08A50BBA24376CF700318672 /* Release */ = {
			isa = XCBuildConfiguration;
			baseConfigurationReference = CDB9018A7A140E3266F94068 /* Pods-Easy Pay Cash Approval.release.xcconfig */;
			buildSettings = {
				ASSETCATALOG_COMPILER_APPICON_NAME = AppIcon;
				CODE_SIGN_STYLE = Automatic;
				DEVELOPMENT_TEAM = 457Y6A548A;
				INFOPLIST_FILE = "Easy Pay Cash Approval/Info.plist";
				LD_RUNPATH_SEARCH_PATHS = (
					"$(inherited)",
					"@executable_path/Frameworks",
				);
				PRODUCT_BUNDLE_IDENTIFIER = com.sageturner.cashapproval;
				PRODUCT_NAME = "$(TARGET_NAME)";
				SWIFT_VERSION = 5.0;
				TARGETED_DEVICE_FAMILY = "1,2";
			};
			name = Release;
		};
/* End XCBuildConfiguration section */

/* Begin XCConfigurationList section */
		08A50B9F24376CF400318672 /* Build configuration list for PBXProject "Easy Pay Cash Approval" */ = {
			isa = XCConfigurationList;
			buildConfigurations = (
				08A50BB624376CF700318672 /* Debug */,
				08A50BB724376CF700318672 /* Release */,
			);
			defaultConfigurationIsVisible = 0;
			defaultConfigurationName = Release;
		};
		08A50BB824376CF700318672 /* Build configuration list for PBXNativeTarget "Easy Pay Cash Approval" */ = {
			isa = XCConfigurationList;
			buildConfigurations = (
				08A50BB924376CF700318672 /* Debug */,
				08A50BBA24376CF700318672 /* Release */,
			);
			defaultConfigurationIsVisible = 0;
			defaultConfigurationName = Release;
		};
/* End XCConfigurationList section */
	};
	rootObject = 08A50B9C24376CF400318672 /* Project object */;
}
